{
    "_readme": [
        "This file locks the dependencies of your project to a known state",
        "Read more about it at https://getcomposer.org/doc/01-basic-usage.md#composer-lock-the-lock-file",
        "This file is @generated automatically"
    ],
    "hash": "c92e1018a3f78577988738295c395b24",
    "packages": [
        {
            "name": "symfony/console",
            "version": "v2.6.10",
            "target-dir": "Symfony/Component/Console",
            "source": {
                "type": "git",
                "url": "https://github.com/symfony/Console.git",
                "reference": "042107bc202845086739414339e551fbe81293d7",
                "mirrors": [
                    {
                        "url": "/%package%/%normalizedUrl%.%type%",
                        "preferred": true
                    }
                ]
            },
            "dist": {
                "type": "zip",
                "url": "https://api.github.com/repos/symfony/Console/zipball/042107bc202845086739414339e551fbe81293d7",
                "reference": "042107bc202845086739414339e551fbe81293d7",
                "shasum": "",
                "mirrors": [
                    {
                        "url": "https://toran.reimu.io/repo/packagist/dists/%package%/%version%/%reference%.%type%",
                        "preferred": true
                    }
                ]
            },
            "require": {
                "php": ">=5.3.3"
            },
            "require-dev": {
                "psr/log": "~1.0",
                "symfony/event-dispatcher": "~2.1",
                "symfony/phpunit-bridge": "~2.7",
                "symfony/process": "~2.1"
            },
            "suggest": {
                "psr/log": "For using the console logger",
                "symfony/event-dispatcher": "",
                "symfony/process": ""
            },
            "type": "library",
            "extra": {
                "branch-alias": {
                    "dev-master": "2.6-dev"
                }
            },
            "autoload": {
                "psr-0": {
                    "Symfony\\Component\\Console\\": ""
                }
            },
            "notification-url": "https://packagist.org/downloads/",
            "license": [
                "MIT"
            ],
            "authors": [
                {
                    "name": "Fabien Potencier",
                    "email": "fabien@symfony.com"
                },
                {
                    "name": "Symfony Community",
                    "homepage": "https://symfony.com/contributors"
                }
            ],
            "description": "Symfony Console Component",
            "homepage": "https://symfony.com",
            "time": "2015-07-13 09:09:47"
        },
        {
            "name": "symfony/yaml",
            "version": "v2.6.10",
            "target-dir": "Symfony/Component/Yaml",
            "source": {
                "type": "git",
                "url": "https://github.com/symfony/Yaml.git",
                "reference": "446353cc05339e676fb57e35232d2bfd055a47cd",
                "mirrors": [
                    {
                        "url": "/%package%/%normalizedUrl%.%type%",
                        "preferred": true
                    }
                ]
            },
            "dist": {
                "type": "zip",
                "url": "https://api.github.com/repos/symfony/Yaml/zipball/446353cc05339e676fb57e35232d2bfd055a47cd",
                "reference": "446353cc05339e676fb57e35232d2bfd055a47cd",
                "shasum": "",
                "mirrors": [
                    {
                        "url": "https://toran.reimu.io/repo/packagist/dists/%package%/%version%/%reference%.%type%",
                        "preferred": true
                    }
                ]
            },
            "require": {
                "php": ">=5.3.3"
            },
            "require-dev": {
                "symfony/phpunit-bridge": "~2.7"
            },
            "type": "library",
            "extra": {
                "branch-alias": {
                    "dev-master": "2.6-dev"
                }
            },
            "autoload": {
                "psr-0": {
                    "Symfony\\Component\\Yaml\\": ""
                }
            },
            "notification-url": "https://packagist.org/downloads/",
            "license": [
                "MIT"
            ],
            "authors": [
                {
                    "name": "Fabien Potencier",
                    "email": "fabien@symfony.com"
                },
                {
                    "name": "Symfony Community",
                    "homepage": "https://symfony.com/contributors"
                }
            ],
            "description": "Symfony Yaml Component",
            "homepage": "https://symfony.com",
            "time": "2015-06-30 16:10:16"
        },
        {
            "name": "xjchen/alauda",
            "version": "dev-master",
            "source": {
                "type": "git",
                "url": "https://github.com/xjchengo/alauda-php.git",
                "reference": "c147de771b1121b786b5a12b011086a9ba9bba04",
                "mirrors": [
                    {
                        "url": "/%package%/%normalizedUrl%.%type%",
                        "preferred": true
                    }
                ]
            },
            "dist": {
                "type": "zip",
                "url": "https://api.github.com/repos/xjchengo/alauda-php/zipball/c147de771b1121b786b5a12b011086a9ba9bba04",
                "reference": "c147de771b1121b786b5a12b011086a9ba9bba04",
                "shasum": "",
                "mirrors": [
                    {
                        "url": "https://toran.reimu.io/repo/packagist/dists/%package%/%version%/%reference%.%type%",
                        "preferred": true
                    }
                ]
            },
            "require": {
                "ext-curl": "*",
                "php": ">=5.4.0",
                "symfony/console": "2.6.*",
                "symfony/yaml": "2.6.*"
            },
            "bin": [
                "alauda"
            ],
            "type": "library",
            "autoload": {
                "psr-4": {
                    "Xjchen\\Alauda\\": "src/"
                }
            },
            "notification-url": "https://packagist.org/downloads/",
            "license": [
                "MIT"
            ],
            "authors": [
                {
                    "name": "xjchengo",
                    "email": "xchenxujian@126.com",
                    "homepage": "http://www.echo58.com"
                }
            ],
            "description": "alauda php deploy tool",
            "keywords": [
                "alauda",
                "docker",
                "php"
            ],
            "time": "2015-05-27 15:33:07"
        }
    ],
    "packages-dev": [],
    "aliases": [],
    "minimum-stability": "stable",
    "stability-flags": {
        "xjchen/alauda": 20
    },
    "prefer-stable": false,
    "prefer-lowest": false,
    "platform": [],
    "platform-dev": []
}
